
Microsoft Visual Studio Solution File, Format Version 12.00
# Visual Studio Version 16
VisualStudioVersion = 16.0.29519.87
MinimumVisualStudioVersion = 10.0.40219.1
Project("{FAE04EC0-301F-11D3-BF4B-00C04F79EFBC}") = "SacramentPlanner", "SacramentPlanner\SacramentPlanner.csproj", "{B585A672-9C3B-49DC-8C2F-9758B65297BB}"
EndProject
Global
	GlobalSection(SolutionConfigurationPlatforms) = preSolution
		Debug|Any CPU = Debug|Any CPU
		Release|Any CPU = Release|Any CPU
	EndGlobalSection
	GlobalSection(ProjectConfigurationPlatforms) = postSolution
		{B585A672-9C3B-49DC-8C2F-9758B65297BB}.Debug|Any CPU.ActiveCfg = Debug|Any CPU
		{B585A672-9C3B-49DC-8C2F-9758B65297BB}.Debug|Any CPU.Build.0 = Debug|Any CPU
		{B585A672-9C3B-49DC-8C2F-9758B65297BB}.Release|Any CPU.ActiveCfg = Release|Any CPU
		{B585A672-9C3B-49DC-8C2F-9758B65297BB}.Release|Any CPU.Build.0 = Release|Any CPU
	EndGlobalSection
	GlobalSection(SolutionProperties) = preSolution
		HideSolutionNode = FALSE
	EndGlobalSection
	GlobalSection(ExtensibilityGlobals) = postSolution
		SolutionGuid = {4E27F8E9-E689-4A44-9D24-C10F7E11C1B7}
	EndGlobalSection
EndGlobal
